
Microsoft Visual Studio Solution File, Format Version 12.00
# Visual Studio 15
VisualStudioVersion = 15.0.28307.168
MinimumVisualStudioVersion = 10.0.40219.1
Project("{FAE04EC0-301F-11D3-BF4B-00C04F79EFBC}") = "TixFactory.RobloxStudioPlus", "TixFactory.RobloxStudioPlus\TixFactory.RobloxStudioPlus.csproj", "{B83C79E6-4BBB-42B2-9B6E-FFCF79717F75}"
EndProject
Global
	GlobalSection(SolutionConfigurationPlatforms) = preSolution
		Debug|Any CPU = Debug|Any CPU
		Release|Any CPU = Release|Any CPU
	EndGlobalSection
	GlobalSection(ProjectConfigurationPlatforms) = postSolution
		{B83C79E6-4BBB-42B2-9B6E-FFCF79717F75}.Debug|Any CPU.ActiveCfg = Debug|Any CPU
		{B83C79E6-4BBB-42B2-9B6E-FFCF79717F75}.Debug|Any CPU.Build.0 = Debug|Any CPU
		{B83C79E6-4BBB-42B2-9B6E-FFCF79717F75}.Release|Any CPU.ActiveCfg = Release|Any CPU
		{B83C79E6-4BBB-42B2-9B6E-FFCF79717F75}.Release|Any CPU.Build.0 = Release|Any CPU
	EndGlobalSection
	GlobalSection(SolutionProperties) = preSolution
		HideSolutionNode = FALSE
	EndGlobalSection
	GlobalSection(ExtensibilityGlobals) = postSolution
		SolutionGuid = {C74D1935-79A7-4C36-B546-D10D5710B9E5}
	EndGlobalSection
EndGlobal
